<Solution>
  <Project Path="Calculator.WPF.Tests/Calculator.WPF.Tests.csproj" Id="09eb00a7-672d-43a0-b3c9-f1a341595db2" />
  <Project Path="Calculator.WPF/Calculator.WPF.csproj" Id="5722ea4c-0de2-4b29-b844-267f9180b6b9" />
  <Project Path="Calculator/Calculator.Engine.csproj" />
  <Project Path="CalculatorTests/Calculator.Engine.Tests.csproj" />
</Solution>
